
Microsoft Visual Studio Solution File, Format Version 12.00
# Visual Studio 14
VisualStudioVersion = 14.0.25420.1
MinimumVisualStudioVersion = 10.0.40219.1
Project("{8BC9CEB8-8B4A-11D0-8D11-00A0C91BC942}") = "01_Intro", "01_Intro\01_Intro.vcxproj", "{0A2F17E1-72FE-486F-9907-335F3A250A5C}"
EndProject
Project("{8BC9CEB8-8B4A-11D0-8D11-00A0C91BC942}") = "02_PreDS", "02_PreDS\02_PreDS.vcxproj", "{62E6C0CC-4708-4EB9-893D-AE9A3720FEB2}"
EndProject
Project("{8BC9CEB8-8B4A-11D0-8D11-00A0C91BC942}") = "03_ADT", "03_ADT\03_ADT.vcxproj", "{36CAD526-C751-4F27-98B4-BC7E0FD8CB60}"
EndProject
Project("{8BC9CEB8-8B4A-11D0-8D11-00A0C91BC942}") = "04_ArrayList", "04_ArrayList\04_ArrayList.vcxproj", "{D93D73F0-7574-48E8-8399-8E8B6F0CD1A4}"
EndProject
Project("{8BC9CEB8-8B4A-11D0-8D11-00A0C91BC942}") = "05_LinkedList", "05_LinkedList\05_LinkedList.vcxproj", "{48C6605B-0259-4BE7-8D25-CA62D773110E}"
EndProject
Project("{8BC9CEB8-8B4A-11D0-8D11-00A0C91BC942}") = "06_Stack", "06_Stack\06_Stack.vcxproj", "{DD6EB858-F6FD-4181-81BA-348FA1BEF1B5}"
EndProject
Project("{8BC9CEB8-8B4A-11D0-8D11-00A0C91BC942}") = "07_Queue", "07_Queue\07_Queue.vcxproj", "{8ED98EAD-0A5C-462D-9349-3DE49699AD72}"
EndProject
Global
	GlobalSection(SolutionConfigurationPlatforms) = preSolution
		Debug|x64 = Debug|x64
		Debug|x86 = Debug|x86
		Release|x64 = Release|x64
		Release|x86 = Release|x86
	EndGlobalSection
	GlobalSection(ProjectConfigurationPlatforms) = postSolution
		{0A2F17E1-72FE-486F-9907-335F3A250A5C}.Debug|x64.ActiveCfg = Debug|x64
		{0A2F17E1-72FE-486F-9907-335F3A250A5C}.Debug|x64.Build.0 = Debug|x64
		{0A2F17E1-72FE-486F-9907-335F3A250A5C}.Debug|x86.ActiveCfg = Debug|Win32
		{0A2F17E1-72FE-486F-9907-335F3A250A5C}.Debug|x86.Build.0 = Debug|Win32
		{0A2F17E1-72FE-486F-9907-335F3A250A5C}.Release|x64.ActiveCfg = Release|x64
		{0A2F17E1-72FE-486F-9907-335F3A250A5C}.Release|x64.Build.0 = Release|x64
		{0A2F17E1-72FE-486F-9907-335F3A250A5C}.Release|x86.ActiveCfg = Release|Win32
		{0A2F17E1-72FE-486F-9907-335F3A250A5C}.Release|x86.Build.0 = Release|Win32
		{62E6C0CC-4708-4EB9-893D-AE9A3720FEB2}.Debug|x64.ActiveCfg = Debug|x64
		{62E6C0CC-4708-4EB9-893D-AE9A3720FEB2}.Debug|x64.Build.0 = Debug|x64
		{62E6C0CC-4708-4EB9-893D-AE9A3720FEB2}.Debug|x86.ActiveCfg = Debug|Win32
		{62E6C0CC-4708-4EB9-893D-AE9A3720FEB2}.Debug|x86.Build.0 = Debug|Win32
		{62E6C0CC-4708-4EB9-893D-AE9A3720FEB2}.Release|x64.ActiveCfg = Release|x64
		{62E6C0CC-4708-4EB9-893D-AE9A3720FEB2}.Release|x64.Build.0 = Release|x64
		{62E6C0CC-4708-4EB9-893D-AE9A3720FEB2}.Release|x86.ActiveCfg = Release|Win32
		{62E6C0CC-4708-4EB9-893D-AE9A3720FEB2}.Release|x86.Build.0 = Release|Win32
		{36CAD526-C751-4F27-98B4-BC7E0FD8CB60}.Debug|x64.ActiveCfg = Debug|x64
		{36CAD526-C751-4F27-98B4-BC7E0FD8CB60}.Debug|x64.Build.0 = Debug|x64
		{36CAD526-C751-4F27-98B4-BC7E0FD8CB60}.Debug|x86.ActiveCfg = Debug|Win32
		{36CAD526-C751-4F27-98B4-BC7E0FD8CB60}.Debug|x86.Build.0 = Debug|Win32
		{36CAD526-C751-4F27-98B4-BC7E0FD8CB60}.Release|x64.ActiveCfg = Release|x64
		{36CAD526-C751-4F27-98B4-BC7E0FD8CB60}.Release|x64.Build.0 = Release|x64
		{36CAD526-C751-4F27-98B4-BC7E0FD8CB60}.Release|x86.ActiveCfg = Release|Win32
		{36CAD526-C751-4F27-98B4-BC7E0FD8CB60}.Release|x86.Build.0 = Release|Win32
		{D93D73F0-7574-48E8-8399-8E8B6F0CD1A4}.Debug|x64.ActiveCfg = Debug|x64
		{D93D73F0-7574-48E8-8399-8E8B6F0CD1A4}.Debug|x64.Build.0 = Debug|x64
		{D93D73F0-7574-48E8-8399-8E8B6F0CD1A4}.Debug|x86.ActiveCfg = Debug|Win32
		{D93D73F0-7574-48E8-8399-8E8B6F0CD1A4}.Debug|x86.Build.0 = Debug|Win32
		{D93D73F0-7574-48E8-8399-8E8B6F0CD1A4}.Release|x64.ActiveCfg = Release|x64
		{D93D73F0-7574-48E8-8399-8E8B6F0CD1A4}.Release|x64.Build.0 = Release|x64
		{D93D73F0-7574-48E8-8399-8E8B6F0CD1A4}.Release|x86.ActiveCfg = Release|Win32
		{D93D73F0-7574-48E8-8399-8E8B6F0CD1A4}.Release|x86.Build.0 = Release|Win32
		{48C6605B-0259-4BE7-8D25-CA62D773110E}.Debug|x64.ActiveCfg = Debug|x64
		{48C6605B-0259-4BE7-8D25-CA62D773110E}.Debug|x64.Build.0 = Debug|x64
		{48C6605B-0259-4BE7-8D25-CA62D773110E}.Debug|x86.ActiveCfg = Debug|Win32
		{48C6605B-0259-4BE7-8D25-CA62D773110E}.Debug|x86.Build.0 = Debug|Win32
		{48C6605B-0259-4BE7-8D25-CA62D773110E}.Release|x64.ActiveCfg = Release|x64
		{48C6605B-0259-4BE7-8D25-CA62D773110E}.Release|x64.Build.0 = Release|x64
		{48C6605B-0259-4BE7-8D25-CA62D773110E}.Release|x86.ActiveCfg = Release|Win32
		{48C6605B-0259-4BE7-8D25-CA62D773110E}.Release|x86.Build.0 = Release|Win32
		{DD6EB858-F6FD-4181-81BA-348FA1BEF1B5}.Debug|x64.ActiveCfg = Debug|x64
		{DD6EB858-F6FD-4181-81BA-348FA1BEF1B5}.Debug|x64.Build.0 = Debug|x64
		{DD6EB858-F6FD-4181-81BA-348FA1BEF1B5}.Debug|x86.ActiveCfg = Debug|Win32
		{DD6EB858-F6FD-4181-81BA-348FA1BEF1B5}.Debug|x86.Build.0 = Debug|Win32
		{DD6EB858-F6FD-4181-81BA-348FA1BEF1B5}.Release|x64.ActiveCfg = Release|x64
		{DD6EB858-F6FD-4181-81BA-348FA1BEF1B5}.Release|x64.Build.0 = Release|x64
		{DD6EB858-F6FD-4181-81BA-348FA1BEF1B5}.Release|x86.ActiveCfg = Release|Win32
		{DD6EB858-F6FD-4181-81BA-348FA1BEF1B5}.Release|x86.Build.0 = Release|Win32
		{8ED98EAD-0A5C-462D-9349-3DE49699AD72}.Debug|x64.ActiveCfg = Debug|x64
		{8ED98EAD-0A5C-462D-9349-3DE49699AD72}.Debug|x64.Build.0 = Debug|x64
		{8ED98EAD-0A5C-462D-9349-3DE49699AD72}.Debug|x86.ActiveCfg = Debug|Win32
		{8ED98EAD-0A5C-462D-9349-3DE49699AD72}.Debug|x86.Build.0 = Debug|Win32
		{8ED98EAD-0A5C-462D-9349-3DE49699AD72}.Release|x64.ActiveCfg = Release|x64
		{8ED98EAD-0A5C-462D-9349-3DE49699AD72}.Release|x64.Build.0 = Release|x64
		{8ED98EAD-0A5C-462D-9349-3DE49699AD72}.Release|x86.ActiveCfg = Release|Win32
		{8ED98EAD-0A5C-462D-9349-3DE49699AD72}.Release|x86.Build.0 = Release|Win32
	EndGlobalSection
	GlobalSection(SolutionProperties) = preSolution
		HideSolutionNode = FALSE
	EndGlobalSection
EndGlobal
